// !$*UTF8*$!
{
	archiveVersion = 1;
	classes = {
	};
	objectVersion = 46;
	objects = {

/* Begin PBXBuildFile section */
		0198FABB1BD9574B009E7D2D /* Alarm.swift in Sources */ = {isa = PBXBuildFile; fileRef = 0198FABA1BD9574B009E7D2D /* Alarm.swift */; };
		01A6AB431BD55A8600293874 /* Assets.xcassets in Resources */ = {isa = PBXBuildFile; fileRef = 01A6AB421BD55A8600293874 /* Assets.xcassets */; };
		01A6AB461BD55A8600293874 /* LaunchScreen.storyboard in Resources */ = {isa = PBXBuildFile; fileRef = 01A6AB441BD55A8600293874 /* LaunchScreen.storyboard */; };
		01A6AB6A1BD55B1800293874 /* AppDelegate.swift in Sources */ = {isa = PBXBuildFile; fileRef = 01A6AB691BD55B1800293874 /* AppDelegate.swift */; };
		01A6AB6C1BD55B4500293874 /* Main.storyboard in Resources */ = {isa = PBXBuildFile; fileRef = 01A6AB6B1BD55B4500293874 /* Main.storyboard */; };
		01E24CF91BD6A6120009B604 /* TimerViewController.swift in Sources */ = {isa = PBXBuildFile; fileRef = 01E24CF81BD6A6120009B604 /* TimerViewController.swift */; };
		01E24CFB1BD6BD010009B604 /* AlarmViewController.swift in Sources */ = {isa = PBXBuildFile; fileRef = 01E24CFA1BD6BD010009B604 /* AlarmViewController.swift */; };
		01E24D391BD7F8380009B604 /* Timer.swift in Sources */ = {isa = PBXBuildFile; fileRef = 01E24D381BD7F8380009B604 /* Timer.swift */; };
/* End PBXBuildFile section */

/* Begin PBXFileReference section */
		0198FABA1BD9574B009E7D2D /* Alarm.swift */ = {isa = PBXFileReference; fileEncoding = 4; lastKnownFileType = sourcecode.swift; path = Alarm.swift; sourceTree = "<group>"; };
		01A6AB381BD55A8500293874 /* Timer.app */ = {isa = PBXFileReference; explicitFileType = wrapper.application; includeInIndex = 0; path = Timer.app; sourceTree = BUILT_PRODUCTS_DIR; };
		01A6AB421BD55A8600293874 /* Assets.xcassets */ = {isa = PBXFileReference; lastKnownFileType = folder.assetcatalog; path = Assets.xcassets; sourceTree = "<group>"; };
		01A6AB451BD55A8600293874 /* Base */ = {isa = PBXFileReference; lastKnownFileType = file.storyboard; name = Base; path = Base.lproj/LaunchScreen.storyboard; sourceTree = "<group>"; };
		01A6AB471BD55A8600293874 /* Info.plist */ = {isa = PBXFileReference; lastKnownFileType = text.plist.xml; path = Info.plist; sourceTree = "<group>"; };
		01A6AB691BD55B1800293874 /* AppDelegate.swift */ = {isa = PBXFileReference; fileEncoding = 4; lastKnownFileType = sourcecode.swift; path = AppDelegate.swift; sourceTree = "<group>"; };
		01A6AB6B1BD55B4500293874 /* Main.storyboard */ = {isa = PBXFileReference; fileEncoding = 4; lastKnownFileType = file.storyboard; path = Main.storyboard; sourceTree = "<group>"; };
		01E24CF81BD6A6120009B604 /* TimerViewController.swift */ = {isa = PBXFileReference; fileEncoding = 4; lastKnownFileType = sourcecode.swift; path = TimerViewController.swift; sourceTree = "<group>"; };
		01E24CFA1BD6BD010009B604 /* AlarmViewController.swift */ = {isa = PBXFileReference; fileEncoding = 4; lastKnownFileType = sourcecode.swift; path = AlarmViewController.swift; sourceTree = "<group>"; };
		01E24D381BD7F8380009B604 /* Timer.swift */ = {isa = PBXFileReference; fileEncoding = 4; lastKnownFileType = sourcecode.swift; path = Timer.swift; sourceTree = "<group>"; };
/* End PBXFileReference section */

/* Begin PBXFrameworksBuildPhase section */
		01A6AB351BD55A8500293874 /* Frameworks */ = {
			isa = PBXFrameworksBuildPhase;
			buildActionMask = 2147483647;
			files = (
			);
			runOnlyForDeploymentPostprocessing = 0;
		};
/* End PBXFrameworksBuildPhase section */

/* Begin PBXGroup section */
		01A6AB2F1BD55A8500293874 = {
			isa = PBXGroup;
			children = (
				01A6AB3A1BD55A8600293874 /* Timer */,
				01A6AB391BD55A8500293874 /* Products */,
			);
			sourceTree = "<group>";
		};
		01A6AB391BD55A8500293874 /* Products */ = {
			isa = PBXGroup;
			children = (
				01A6AB381BD55A8500293874 /* Timer.app */,
			);
			name = Products;
			sourceTree = "<group>";
		};
		01A6AB3A1BD55A8600293874 /* Timer */ = {
			isa = PBXGroup;
			children = (
				01A6AB691BD55B1800293874 /* AppDelegate.swift */,
				9D2105A01EBA26E100181061 /* Model */,
				9D21059E1EBA26D200181061 /* View Controllers */,
				9D2105A11EBA26E800181061 /* Resources */,
			);
			path = Timer;
			sourceTree = "<group>";
		};
		9D21059E1EBA26D200181061 /* View Controllers */ = {
			isa = PBXGroup;
			children = (
				01E24CFA1BD6BD010009B604 /* AlarmViewController.swift */,
				01E24CF81BD6A6120009B604 /* TimerViewController.swift */,
			);
			name = "View Controllers";
			sourceTree = "<group>";
		};
		9D2105A01EBA26E100181061 /* Model */ = {
			isa = PBXGroup;
			children = (
				0198FABA1BD9574B009E7D2D /* Alarm.swift */,
				01E24D381BD7F8380009B604 /* Timer.swift */,
			);
			name = Model;
			sourceTree = "<group>";
		};
		9D2105A11EBA26E800181061 /* Resources */ = {
			isa = PBXGroup;
			children = (
				01A6AB6B1BD55B4500293874 /* Main.storyboard */,
				01A6AB441BD55A8600293874 /* LaunchScreen.storyboard */,
				01A6AB421BD55A8600293874 /* Assets.xcassets */,
				01A6AB471BD55A8600293874 /* Info.plist */,
			);
			name = Resources;
			sourceTree = "<group>";
		};
/* End PBXGroup section */

/* Begin PBXNativeTarget section */
		01A6AB371BD55A8500293874 /* Timer */ = {
			isa = PBXNativeTarget;
			buildConfigurationList = 01A6AB601BD55A8600293874 /* Build configuration list for PBXNativeTarget "Timer" */;
			buildPhases = (
				01A6AB341BD55A8500293874 /* Sources */,
				01A6AB351BD55A8500293874 /* Frameworks */,
				01A6AB361BD55A8500293874 /* Resources */,
			);
			buildRules = (
			);
			dependencies = (
			);
			name = Timer;
			productName = Timer;
			productReference = 01A6AB381BD55A8500293874 /* Timer.app */;
			productType = "com.apple.product-type.application";
		};
/* End PBXNativeTarget section */

/* Begin PBXProject section */
		01A6AB301BD55A8500293874 /* Project object */ = {
			isa = PBXProject;
			attributes = {
				LastSwiftUpdateCheck = 0700;
				LastUpgradeCheck = 0830;
				ORGANIZATIONNAME = DevMountain;
				TargetAttributes = {
					01A6AB371BD55A8500293874 = {
						CreatedOnToolsVersion = 7.0;
						LastSwiftMigration = 0830;
					};
				};
			};
			buildConfigurationList = 01A6AB331BD55A8500293874 /* Build configuration list for PBXProject "Timer" */;
			compatibilityVersion = "Xcode 3.2";
			developmentRegion = English;
			hasScannedForEncodings = 0;
			knownRegions = (
				en,
				Base,
			);
			mainGroup = 01A6AB2F1BD55A8500293874;
			productRefGroup = 01A6AB391BD55A8500293874 /* Products */;
			projectDirPath = "";
			projectRoot = "";
			targets = (
				01A6AB371BD55A8500293874 /* Timer */,
			);
		};
/* End PBXProject section */

/* Begin PBXResourcesBuildPhase section */
		01A6AB361BD55A8500293874 /* Resources */ = {
			isa = PBXResourcesBuildPhase;
			buildActionMask = 2147483647;
			files = (
				01A6AB6C1BD55B4500293874 /* Main.storyboard in Resources */,
				01A6AB461BD55A8600293874 /* LaunchScreen.storyboard in Resources */,
				01A6AB431BD55A8600293874 /* Assets.xcassets in Resources */,
			);
			runOnlyForDeploymentPostprocessing = 0;
		};
/* End PBXResourcesBuildPhase section */

/* Begin PBXSourcesBuildPhase section */
		01A6AB341BD55A8500293874 /* Sources */ = {
			isa = PBXSourcesBuildPhase;
			buildActionMask = 2147483647;
			files = (
				01E24CFB1BD6BD010009B604 /* AlarmViewController.swift in Sources */,
				0198FABB1BD9574B009E7D2D /* Alarm.swift in Sources */,
				01E24CF91BD6A6120009B604 /* TimerViewController.swift in Sources */,
				01E24D391BD7F8380009B604 /* Timer.swift in Sources */,
				01A6AB6A1BD55B1800293874 /* AppDelegate.swift in Sources */,
			);
			runOnlyForDeploymentPostprocessing = 0;
		};
/* End PBXSourcesBuildPhase section */

/* Begin PBXVariantGroup section */
		01A6AB441BD55A8600293874 /* LaunchScreen.storyboard */ = {
			isa = PBXVariantGroup;
			children = (
				01A6AB451BD55A8600293874 /* Base */,
			);
			name = LaunchScreen.storyboard;
			sourceTree = "<group>";
		};
/* End PBXVariantGroup section */

/* Begin XCBuildConfiguration section */
		01A6AB5E1BD55A8600293874 /* Debug */ = {
			isa = XCBuildConfiguration;
			buildSettings = {
				ALWAYS_SEARCH_USER_PATHS = NO;
				CLANG_CXX_LANGUAGE_STANDARD = "gnu++0x";
				CLANG_CXX_LIBRARY = "libc++";
				CLANG_ENABLE_MODULES = YES;
				CLANG_ENABLE_OBJC_ARC = YES;
				CLANG_WARN_BOOL_CONVERSION = YES;
				CLANG_WARN_CONSTANT_CONVERSION = YES;
				CLANG_WARN_DIRECT_OBJC_ISA_USAGE = YES_ERROR;
				CLANG_WARN_EMPTY_BODY = YES;
				CLANG_WARN_ENUM_CONVERSION = YES;
				CLANG_WARN_INFINITE_RECURSION = YES;
				CLANG_WARN_INT_CONVERSION = YES;
				CLANG_WARN_OBJC_ROOT_CLASS = YES_ERROR;
				CLANG_WARN_SUSPICIOUS_MOVE = YES;
				CLANG_WARN_UNREACHABLE_CODE = YES;
				CLANG_WARN__DUPLICATE_METHOD_MATCH = YES;
				"CODE_SIGN_IDENTITY[sdk=iphoneos*]" = "iPhone Developer";
				COPY_PHASE_STRIP = NO;
				DEBUG_INFORMATION_FORMAT = dwarf;
				ENABLE_STRICT_OBJC_MSGSEND = YES;
				ENABLE_TESTABILITY = YES;
				GCC_C_LANGUAGE_STANDARD = gnu99;
				GCC_DYNAMIC_NO_PIC = NO;
				GCC_NO_COMMON_BLOCKS = YES;
				GCC_OPTIMIZATION_LEVEL = 0;
				GCC_PREPROCESSOR_DEFINITIONS = (
					"DEBUG=1",
					"$(inherited)",
				);
				GCC_WARN_64_TO_32_BIT_CONVERSION = YES;
				GCC_WARN_ABOUT_RETURN_TYPE = YES_ERROR;
				GCC_WARN_UNDECLARED_SELECTOR = YES;
				GCC_WARN_UNINITIALIZED_AUTOS = YES_AGGRESSIVE;
				GCC_WARN_UNUSED_FUNCTION = YES;
				GCC_WARN_UNUSED_VARIABLE = YES;
				IPHONEOS_DEPLOYMENT_TARGET = 9.0;
				MTL_ENABLE_DEBUG_INFO = YES;
				ONLY_ACTIVE_ARCH = YES;
				SDKROOT = iphoneos;
				SWIFT_OPTIMIZATION_LEVEL = "-Onone";
			};
			name = Debug;
		};
		01A6AB5F1BD55A8600293874 /* Release */ = {
			isa = XCBuildConfiguration;
			buildSettings = {
				ALWAYS_SEARCH_USER_PATHS = NO;
				CLANG_CXX_LANGUAGE_STANDARD = "gnu++0x";
				CLANG_CXX_LIBRARY = "libc++";
				CLANG_ENABLE_MODULES = YES;
				CLANG_ENABLE_OBJC_ARC = YES;
				CLANG_WARN_BOOL_CONVERSION = YES;
				CLANG_WARN_CONSTANT_CONVERSION = YES;
				CLANG_WARN_DIRECT_OBJC_ISA_USAGE = YES_ERROR;
				CLANG_WARN_EMPTY_BODY = YES;
				CLANG_WARN_ENUM_CONVERSION = YES;
				CLANG_WARN_INFINITE_RECURSION = YES;
				CLANG_WARN_INT_CONVERSION = YES;
				CLANG_WARN_OBJC_ROOT_CLASS = YES_ERROR;
				CLANG_WARN_SUSPICIOUS_MOVE = YES;
				CLANG_WARN_UNREACHABLE_CODE = YES;
				CLANG_WARN__DUPLICATE_METHOD_MATCH = YES;
				"CODE_SIGN_IDENTITY[sdk=iphoneos*]" = "iPhone Developer";
				COPY_PHASE_STRIP = NO;
				DEBUG_INFORMATION_FORMAT = "dwarf-with-dsym";
				ENABLE_NS_ASSERTIONS = NO;
				ENABLE_STRICT_OBJC_MSGSEND = YES;
				GCC_C_LANGUAGE_STANDARD = gnu99;
				GCC_NO_COMMON_BLOCKS = YES;
				GCC_WARN_64_TO_32_BIT_CONVERSION = YES;
				GCC_WARN_ABOUT_RETURN_TYPE = YES_ERROR;
				GCC_WARN_UNDECLARED_SELECTOR = YES;
				GCC_WARN_UNINITIALIZED_AUTOS = YES_AGGRESSIVE;
				GCC_WARN_UNUSED_FUNCTION = YES;
				GCC_WARN_UNUSED_VARIABLE = YES;
				IPHONEOS_DEPLOYMENT_TARGET = 9.0;
				MTL_ENABLE_DEBUG_INFO = NO;
				SDKROOT = iphoneos;
				SWIFT_OPTIMIZATION_LEVEL = "-Owholemodule";
				VALIDATE_PRODUCT = YES;
			};
			name = Release;
		};
		01A6AB611BD55A8600293874 /* Debug */ = {
			isa = XCBuildConfiguration;
			buildSettings = {
				ASSETCATALOG_COMPILER_APPICON_NAME = AppIcon;
				CLANG_ENABLE_MODULES = YES;
				INFOPLIST_FILE = Timer/Info.plist;
				LD_RUNPATH_SEARCH_PATHS = "$(inherited) @executable_path/Frameworks";
				PRODUCT_BUNDLE_IDENTIFIER = in.DevMounta.Timer;
				PRODUCT_NAME = "$(TARGET_NAME)";
				SWIFT_OPTIMIZATION_LEVEL = "-Onone";
				SWIFT_VERSION = 3.0;
			};
			name = Debug;
		};
		01A6AB621BD55A8600293874 /* Release */ = {
			isa = XCBuildConfiguration;
			buildSettings = {
				ASSETCATALOG_COMPILER_APPICON_NAME = AppIcon;
				CLANG_ENABLE_MODULES = YES;
				INFOPLIST_FILE = Timer/Info.plist;
				LD_RUNPATH_SEARCH_PATHS = "$(inherited) @executable_path/Frameworks";
				PRODUCT_BUNDLE_IDENTIFIER = in.DevMounta.Timer;
				PRODUCT_NAME = "$(TARGET_NAME)";
				SWIFT_VERSION = 3.0;
			};
			name = Release;
		};
/* End XCBuildConfiguration section */

/* Begin XCConfigurationList section */
		01A6AB331BD55A8500293874 /* Build configuration list for PBXProject "Timer" */ = {
			isa = XCConfigurationList;
			buildConfigurations = (
				01A6AB5E1BD55A8600293874 /* Debug */,
				01A6AB5F1BD55A8600293874 /* Release */,
			);
			defaultConfigurationIsVisible = 0;
			defaultConfigurationName = Release;
		};
		01A6AB601BD55A8600293874 /* Build configuration list for PBXNativeTarget "Timer" */ = {
			isa = XCConfigurationList;
			buildConfigurations = (
				01A6AB611BD55A8600293874 /* Debug */,
				01A6AB621BD55A8600293874 /* Release */,
			);
			defaultConfigurationIsVisible = 0;
			defaultConfigurationName = Release;
		};
/* End XCConfigurationList section */
	};
	rootObject = 01A6AB301BD55A8500293874 /* Project object */;
}
