// !$*UTF8*$!
{
	archiveVersion = 1;
	classes = {
	};
	objectVersion = 46;
	objects = {

/* Begin PBXBuildFile section */
		01A6AB431BD55A8600293874 /* Assets.xcassets in Resources */ = {isa = PBXBuildFile; fileRef = 01A6AB421BD55A8600293874 /* Assets.xcassets */; };
		01A6AB461BD55A8600293874 /* LaunchScreen.storyboard in Resources */ = {isa = PBXBuildFile; fileRef = 01A6AB441BD55A8600293874 /* LaunchScreen.storyboard */; };
		01A6AB511BD55A8600293874 /* TimerTests.swift in Sources */ = {isa = PBXBuildFile; fileRef = 01A6AB501BD55A8600293874 /* TimerTests.swift */; };
		01A6AB5C1BD55A8600293874 /* TimerUITests.swift in Sources */ = {isa = PBXBuildFile; fileRef = 01A6AB5B1BD55A8600293874 /* TimerUITests.swift */; };
		01A6AB711BD5636B00293874 /* TimerViewController.swift in Sources */ = {isa = PBXBuildFile; fileRef = 01A6AB701BD5636B00293874 /* TimerViewController.swift */; settings = {ASSET_TAGS = (); }; };
		01A6AB731BD5637200293874 /* AlarmViewController.swift in Sources */ = {isa = PBXBuildFile; fileRef = 01A6AB721BD5637200293874 /* AlarmViewController.swift */; settings = {ASSET_TAGS = (); }; };
		01A6AB751BD5637700293874 /* Timer.swift in Sources */ = {isa = PBXBuildFile; fileRef = 01A6AB741BD5637700293874 /* Timer.swift */; settings = {ASSET_TAGS = (); }; };
		01A6AB771BD5638600293874 /* AppearanceController.swift in Sources */ = {isa = PBXBuildFile; fileRef = 01A6AB761BD5638600293874 /* AppearanceController.swift */; settings = {ASSET_TAGS = (); }; };
		01A6AB791BD5639F00293874 /* AppDelegate.swift in Sources */ = {isa = PBXBuildFile; fileRef = 01A6AB781BD5639F00293874 /* AppDelegate.swift */; settings = {ASSET_TAGS = (); }; };
		01A6AB7B1BD563CB00293874 /* Colors.swift in Sources */ = {isa = PBXBuildFile; fileRef = 01A6AB7A1BD563CB00293874 /* Colors.swift */; settings = {ASSET_TAGS = (); }; };
		01A6AB801BD56D6400293874 /* Main.storyboard in Resources */ = {isa = PBXBuildFile; fileRef = 01A6AB7E1BD56D6400293874 /* Main.storyboard */; settings = {ASSET_TAGS = (); }; };
/* End PBXBuildFile section */

/* Begin PBXContainerItemProxy section */
		01A6AB4D1BD55A8600293874 /* PBXContainerItemProxy */ = {
			isa = PBXContainerItemProxy;
			containerPortal = 01A6AB301BD55A8500293874 /* Project object */;
			proxyType = 1;
			remoteGlobalIDString = 01A6AB371BD55A8500293874;
			remoteInfo = Timer;
		};
		01A6AB581BD55A8600293874 /* PBXContainerItemProxy */ = {
			isa = PBXContainerItemProxy;
			containerPortal = 01A6AB301BD55A8500293874 /* Project object */;
			proxyType = 1;
			remoteGlobalIDString = 01A6AB371BD55A8500293874;
			remoteInfo = Timer;
		};
/* End PBXContainerItemProxy section */

/* Begin PBXFileReference section */
		01A6AB381BD55A8500293874 /* Timer.app */ = {isa = PBXFileReference; explicitFileType = wrapper.application; includeInIndex = 0; path = Timer.app; sourceTree = BUILT_PRODUCTS_DIR; };
		01A6AB421BD55A8600293874 /* Assets.xcassets */ = {isa = PBXFileReference; lastKnownFileType = folder.assetcatalog; path = Assets.xcassets; sourceTree = "<group>"; };
		01A6AB451BD55A8600293874 /* Base */ = {isa = PBXFileReference; lastKnownFileType = file.storyboard; name = Base; path = Base.lproj/LaunchScreen.storyboard; sourceTree = "<group>"; };
		01A6AB471BD55A8600293874 /* Info.plist */ = {isa = PBXFileReference; lastKnownFileType = text.plist.xml; path = Info.plist; sourceTree = "<group>"; };
		01A6AB4C1BD55A8600293874 /* TimerTests.xctest */ = {isa = PBXFileReference; explicitFileType = wrapper.cfbundle; includeInIndex = 0; path = TimerTests.xctest; sourceTree = BUILT_PRODUCTS_DIR; };
		01A6AB501BD55A8600293874 /* TimerTests.swift */ = {isa = PBXFileReference; lastKnownFileType = sourcecode.swift; path = TimerTests.swift; sourceTree = "<group>"; };
		01A6AB521BD55A8600293874 /* Info.plist */ = {isa = PBXFileReference; lastKnownFileType = text.plist.xml; path = Info.plist; sourceTree = "<group>"; };
		01A6AB571BD55A8600293874 /* TimerUITests.xctest */ = {isa = PBXFileReference; explicitFileType = wrapper.cfbundle; includeInIndex = 0; path = TimerUITests.xctest; sourceTree = BUILT_PRODUCTS_DIR; };
		01A6AB5B1BD55A8600293874 /* TimerUITests.swift */ = {isa = PBXFileReference; lastKnownFileType = sourcecode.swift; path = TimerUITests.swift; sourceTree = "<group>"; };
		01A6AB5D1BD55A8600293874 /* Info.plist */ = {isa = PBXFileReference; lastKnownFileType = text.plist.xml; path = Info.plist; sourceTree = "<group>"; };
		01A6AB701BD5636B00293874 /* TimerViewController.swift */ = {isa = PBXFileReference; fileEncoding = 4; lastKnownFileType = sourcecode.swift; path = TimerViewController.swift; sourceTree = "<group>"; };
		01A6AB721BD5637200293874 /* AlarmViewController.swift */ = {isa = PBXFileReference; fileEncoding = 4; lastKnownFileType = sourcecode.swift; path = AlarmViewController.swift; sourceTree = "<group>"; };
		01A6AB741BD5637700293874 /* Timer.swift */ = {isa = PBXFileReference; fileEncoding = 4; lastKnownFileType = sourcecode.swift; path = Timer.swift; sourceTree = "<group>"; };
		01A6AB761BD5638600293874 /* AppearanceController.swift */ = {isa = PBXFileReference; fileEncoding = 4; lastKnownFileType = sourcecode.swift; path = AppearanceController.swift; sourceTree = "<group>"; };
		01A6AB781BD5639F00293874 /* AppDelegate.swift */ = {isa = PBXFileReference; fileEncoding = 4; lastKnownFileType = sourcecode.swift; path = AppDelegate.swift; sourceTree = "<group>"; };
		01A6AB7A1BD563CB00293874 /* Colors.swift */ = {isa = PBXFileReference; fileEncoding = 4; lastKnownFileType = sourcecode.swift; path = Colors.swift; sourceTree = "<group>"; };
		01A6AB7F1BD56D6400293874 /* Base */ = {isa = PBXFileReference; lastKnownFileType = file.storyboard; name = Base; path = Base.lproj/Main.storyboard; sourceTree = "<group>"; };
/* End PBXFileReference section */

/* Begin PBXFrameworksBuildPhase section */
		01A6AB351BD55A8500293874 /* Frameworks */ = {
			isa = PBXFrameworksBuildPhase;
			buildActionMask = 2147483647;
			files = (
			);
			runOnlyForDeploymentPostprocessing = 0;
		};
		01A6AB491BD55A8600293874 /* Frameworks */ = {
			isa = PBXFrameworksBuildPhase;
			buildActionMask = 2147483647;
			files = (
			);
			runOnlyForDeploymentPostprocessing = 0;
		};
		01A6AB541BD55A8600293874 /* Frameworks */ = {
			isa = PBXFrameworksBuildPhase;
			buildActionMask = 2147483647;
			files = (
			);
			runOnlyForDeploymentPostprocessing = 0;
		};
/* End PBXFrameworksBuildPhase section */

/* Begin PBXGroup section */
		01A6AB2F1BD55A8500293874 = {
			isa = PBXGroup;
			children = (
				01A6AB3A1BD55A8600293874 /* Timer */,
				01A6AB4F1BD55A8600293874 /* TimerTests */,
				01A6AB5A1BD55A8600293874 /* TimerUITests */,
				01A6AB391BD55A8500293874 /* Products */,
			);
			sourceTree = "<group>";
		};
		01A6AB391BD55A8500293874 /* Products */ = {
			isa = PBXGroup;
			children = (
				01A6AB381BD55A8500293874 /* Timer.app */,
				01A6AB4C1BD55A8600293874 /* TimerTests.xctest */,
				01A6AB571BD55A8600293874 /* TimerUITests.xctest */,
			);
			name = Products;
			sourceTree = "<group>";
		};
		01A6AB3A1BD55A8600293874 /* Timer */ = {
			isa = PBXGroup;
			children = (
				01A6AB781BD5639F00293874 /* AppDelegate.swift */,
				01A6AB761BD5638600293874 /* AppearanceController.swift */,
				01A6AB7A1BD563CB00293874 /* Colors.swift */,
				01A6AB701BD5636B00293874 /* TimerViewController.swift */,
				01A6AB721BD5637200293874 /* AlarmViewController.swift */,
				01A6AB741BD5637700293874 /* Timer.swift */,
				01A6AB421BD55A8600293874 /* Assets.xcassets */,
				01A6AB441BD55A8600293874 /* LaunchScreen.storyboard */,
				01A6AB7E1BD56D6400293874 /* Main.storyboard */,
				01A6AB471BD55A8600293874 /* Info.plist */,
			);
			path = Timer;
			sourceTree = "<group>";
		};
		01A6AB4F1BD55A8600293874 /* TimerTests */ = {
			isa = PBXGroup;
			children = (
				01A6AB501BD55A8600293874 /* TimerTests.swift */,
				01A6AB521BD55A8600293874 /* Info.plist */,
			);
			path = TimerTests;
			sourceTree = "<group>";
		};
		01A6AB5A1BD55A8600293874 /* TimerUITests */ = {
			isa = PBXGroup;
			children = (
				01A6AB5B1BD55A8600293874 /* TimerUITests.swift */,
				01A6AB5D1BD55A8600293874 /* Info.plist */,
			);
			path = TimerUITests;
			sourceTree = "<group>";
		};
/* End PBXGroup section */

/* Begin PBXNativeTarget section */
		01A6AB371BD55A8500293874 /* Timer */ = {
			isa = PBXNativeTarget;
			buildConfigurationList = 01A6AB601BD55A8600293874 /* Build configuration list for PBXNativeTarget "Timer" */;
			buildPhases = (
				01A6AB341BD55A8500293874 /* Sources */,
				01A6AB351BD55A8500293874 /* Frameworks */,
				01A6AB361BD55A8500293874 /* Resources */,
			);
			buildRules = (
			);
			dependencies = (
			);
			name = Timer;
			productName = Timer;
			productReference = 01A6AB381BD55A8500293874 /* Timer.app */;
			productType = "com.apple.product-type.application";
		};
		01A6AB4B1BD55A8600293874 /* TimerTests */ = {
			isa = PBXNativeTarget;
			buildConfigurationList = 01A6AB631BD55A8600293874 /* Build configuration list for PBXNativeTarget "TimerTests" */;
			buildPhases = (
				01A6AB481BD55A8600293874 /* Sources */,
				01A6AB491BD55A8600293874 /* Frameworks */,
				01A6AB4A1BD55A8600293874 /* Resources */,
			);
			buildRules = (
			);
			dependencies = (
				01A6AB4E1BD55A8600293874 /* PBXTargetDependency */,
			);
			name = TimerTests;
			productName = TimerTests;
			productReference = 01A6AB4C1BD55A8600293874 /* TimerTests.xctest */;
			productType = "com.apple.product-type.bundle.unit-test";
		};
		01A6AB561BD55A8600293874 /* TimerUITests */ = {
			isa = PBXNativeTarget;
			buildConfigurationList = 01A6AB661BD55A8600293874 /* Build configuration list for PBXNativeTarget "TimerUITests" */;
			buildPhases = (
				01A6AB531BD55A8600293874 /* Sources */,
				01A6AB541BD55A8600293874 /* Frameworks */,
				01A6AB551BD55A8600293874 /* Resources */,
			);
			buildRules = (
			);
			dependencies = (
				01A6AB591BD55A8600293874 /* PBXTargetDependency */,
			);
			name = TimerUITests;
			productName = TimerUITests;
			productReference = 01A6AB571BD55A8600293874 /* TimerUITests.xctest */;
			productType = "com.apple.product-type.bundle.ui-testing";
		};
/* End PBXNativeTarget section */

/* Begin PBXProject section */
		01A6AB301BD55A8500293874 /* Project object */ = {
			isa = PBXProject;
			attributes = {
				LastSwiftUpdateCheck = 0700;
				LastUpgradeCheck = 0700;
				ORGANIZATIONNAME = DevMountain;
				TargetAttributes = {
					01A6AB371BD55A8500293874 = {
						CreatedOnToolsVersion = 7.0;
					};
					01A6AB4B1BD55A8600293874 = {
						CreatedOnToolsVersion = 7.0;
						TestTargetID = 01A6AB371BD55A8500293874;
					};
					01A6AB561BD55A8600293874 = {
						CreatedOnToolsVersion = 7.0;
						TestTargetID = 01A6AB371BD55A8500293874;
					};
				};
			};
			buildConfigurationList = 01A6AB331BD55A8500293874 /* Build configuration list for PBXProject "Timer" */;
			compatibilityVersion = "Xcode 3.2";
			developmentRegion = English;
			hasScannedForEncodings = 0;
			knownRegions = (
				en,
				Base,
			);
			mainGroup = 01A6AB2F1BD55A8500293874;
			productRefGroup = 01A6AB391BD55A8500293874 /* Products */;
			projectDirPath = "";
			projectRoot = "";
			targets = (
				01A6AB371BD55A8500293874 /* Timer */,
				01A6AB4B1BD55A8600293874 /* TimerTests */,
				01A6AB561BD55A8600293874 /* TimerUITests */,
			);
		};
/* End PBXProject section */

/* Begin PBXResourcesBuildPhase section */
		01A6AB361BD55A8500293874 /* Resources */ = {
			isa = PBXResourcesBuildPhase;
			buildActionMask = 2147483647;
			files = (
				01A6AB461BD55A8600293874 /* LaunchScreen.storyboard in Resources */,
				01A6AB431BD55A8600293874 /* Assets.xcassets in Resources */,
				01A6AB801BD56D6400293874 /* Main.storyboard in Resources */,
			);
			runOnlyForDeploymentPostprocessing = 0;
		};
		01A6AB4A1BD55A8600293874 /* Resources */ = {
			isa = PBXResourcesBuildPhase;
			buildActionMask = 2147483647;
			files = (
			);
			runOnlyForDeploymentPostprocessing = 0;
		};
		01A6AB551BD55A8600293874 /* Resources */ = {
			isa = PBXResourcesBuildPhase;
			buildActionMask = 2147483647;
			files = (
			);
			runOnlyForDeploymentPostprocessing = 0;
		};
/* End PBXResourcesBuildPhase section */

/* Begin PBXSourcesBuildPhase section */
		01A6AB341BD55A8500293874 /* Sources */ = {
			isa = PBXSourcesBuildPhase;
			buildActionMask = 2147483647;
			files = (
				01A6AB711BD5636B00293874 /* TimerViewController.swift in Sources */,
				01A6AB7B1BD563CB00293874 /* Colors.swift in Sources */,
				01A6AB731BD5637200293874 /* AlarmViewController.swift in Sources */,
				01A6AB751BD5637700293874 /* Timer.swift in Sources */,
				01A6AB791BD5639F00293874 /* AppDelegate.swift in Sources */,
				01A6AB771BD5638600293874 /* AppearanceController.swift in Sources */,
			);
			runOnlyForDeploymentPostprocessing = 0;
		};
		01A6AB481BD55A8600293874 /* Sources */ = {
			isa = PBXSourcesBuildPhase;
			buildActionMask = 2147483647;
			files = (
				01A6AB511BD55A8600293874 /* TimerTests.swift in Sources */,
			);
			runOnlyForDeploymentPostprocessing = 0;
		};
		01A6AB531BD55A8600293874 /* Sources */ = {
			isa = PBXSourcesBuildPhase;
			buildActionMask = 2147483647;
			files = (
				01A6AB5C1BD55A8600293874 /* TimerUITests.swift in Sources */,
			);
			runOnlyForDeploymentPostprocessing = 0;
		};
/* End PBXSourcesBuildPhase section */

/* Begin PBXTargetDependency section */
		01A6AB4E1BD55A8600293874 /* PBXTargetDependency */ = {
			isa = PBXTargetDependency;
			target = 01A6AB371BD55A8500293874 /* Timer */;
			targetProxy = 01A6AB4D1BD55A8600293874 /* PBXContainerItemProxy */;
		};
		01A6AB591BD55A8600293874 /* PBXTargetDependency */ = {
			isa = PBXTargetDependency;
			target = 01A6AB371BD55A8500293874 /* Timer */;
			targetProxy = 01A6AB581BD55A8600293874 /* PBXContainerItemProxy */;
		};
/* End PBXTargetDependency section */

/* Begin PBXVariantGroup section */
		01A6AB441BD55A8600293874 /* LaunchScreen.storyboard */ = {
			isa = PBXVariantGroup;
			children = (
				01A6AB451BD55A8600293874 /* Base */,
			);
			name = LaunchScreen.storyboard;
			sourceTree = "<group>";
		};
		01A6AB7E1BD56D6400293874 /* Main.storyboard */ = {
			isa = PBXVariantGroup;
			children = (
				01A6AB7F1BD56D6400293874 /* Base */,
			);
			name = Main.storyboard;
			sourceTree = "<group>";
		};
/* End PBXVariantGroup section */

/* Begin XCBuildConfiguration section */
		01A6AB5E1BD55A8600293874 /* Debug */ = {
			isa = XCBuildConfiguration;
			buildSettings = {
				ALWAYS_SEARCH_USER_PATHS = NO;
				CLANG_CXX_LANGUAGE_STANDARD = "gnu++0x";
				CLANG_CXX_LIBRARY = "libc++";
				CLANG_ENABLE_MODULES = YES;
				CLANG_ENABLE_OBJC_ARC = YES;
				CLANG_WARN_BOOL_CONVERSION = YES;
				CLANG_WARN_CONSTANT_CONVERSION = YES;
				CLANG_WARN_DIRECT_OBJC_ISA_USAGE = YES_ERROR;
				CLANG_WARN_EMPTY_BODY = YES;
				CLANG_WARN_ENUM_CONVERSION = YES;
				CLANG_WARN_INT_CONVERSION = YES;
				CLANG_WARN_OBJC_ROOT_CLASS = YES_ERROR;
				CLANG_WARN_UNREACHABLE_CODE = YES;
				CLANG_WARN__DUPLICATE_METHOD_MATCH = YES;
				"CODE_SIGN_IDENTITY[sdk=iphoneos*]" = "iPhone Developer";
				COPY_PHASE_STRIP = NO;
				DEBUG_INFORMATION_FORMAT = dwarf;
				ENABLE_STRICT_OBJC_MSGSEND = YES;
				ENABLE_TESTABILITY = YES;
				GCC_C_LANGUAGE_STANDARD = gnu99;
				GCC_DYNAMIC_NO_PIC = NO;
				GCC_NO_COMMON_BLOCKS = YES;
				GCC_OPTIMIZATION_LEVEL = 0;
				GCC_PREPROCESSOR_DEFINITIONS = (
					"DEBUG=1",
					"$(inherited)",
				);
				GCC_WARN_64_TO_32_BIT_CONVERSION = YES;
				GCC_WARN_ABOUT_RETURN_TYPE = YES_ERROR;
				GCC_WARN_UNDECLARED_SELECTOR = YES;
				GCC_WARN_UNINITIALIZED_AUTOS = YES_AGGRESSIVE;
				GCC_WARN_UNUSED_FUNCTION = YES;
				GCC_WARN_UNUSED_VARIABLE = YES;
				IPHONEOS_DEPLOYMENT_TARGET = 9.0;
				MTL_ENABLE_DEBUG_INFO = YES;
				ONLY_ACTIVE_ARCH = YES;
				SDKROOT = iphoneos;
				SWIFT_OPTIMIZATION_LEVEL = "-Onone";
			};
			name = Debug;
		};
		01A6AB5F1BD55A8600293874 /* Release */ = {
			isa = XCBuildConfiguration;
			buildSettings = {
				ALWAYS_SEARCH_USER_PATHS = NO;
				CLANG_CXX_LANGUAGE_STANDARD = "gnu++0x";
				CLANG_CXX_LIBRARY = "libc++";
				CLANG_ENABLE_MODULES = YES;
				CLANG_ENABLE_OBJC_ARC = YES;
				CLANG_WARN_BOOL_CONVERSION = YES;
				CLANG_WARN_CONSTANT_CONVERSION = YES;
				CLANG_WARN_DIRECT_OBJC_ISA_USAGE = YES_ERROR;
				CLANG_WARN_EMPTY_BODY = YES;
				CLANG_WARN_ENUM_CONVERSION = YES;
				CLANG_WARN_INT_CONVERSION = YES;
				CLANG_WARN_OBJC_ROOT_CLASS = YES_ERROR;
				CLANG_WARN_UNREACHABLE_CODE = YES;
				CLANG_WARN__DUPLICATE_METHOD_MATCH = YES;
				"CODE_SIGN_IDENTITY[sdk=iphoneos*]" = "iPhone Developer";
				COPY_PHASE_STRIP = NO;
				DEBUG_INFORMATION_FORMAT = "dwarf-with-dsym";
				ENABLE_NS_ASSERTIONS = NO;
				ENABLE_STRICT_OBJC_MSGSEND = YES;
				GCC_C_LANGUAGE_STANDARD = gnu99;
				GCC_NO_COMMON_BLOCKS = YES;
				GCC_WARN_64_TO_32_BIT_CONVERSION = YES;
				GCC_WARN_ABOUT_RETURN_TYPE = YES_ERROR;
				GCC_WARN_UNDECLARED_SELECTOR = YES;
				GCC_WARN_UNINITIALIZED_AUTOS = YES_AGGRESSIVE;
				GCC_WARN_UNUSED_FUNCTION = YES;
				GCC_WARN_UNUSED_VARIABLE = YES;
				IPHONEOS_DEPLOYMENT_TARGET = 9.0;
				MTL_ENABLE_DEBUG_INFO = NO;
				SDKROOT = iphoneos;
				VALIDATE_PRODUCT = YES;
			};
			name = Release;
		};
		01A6AB611BD55A8600293874 /* Debug */ = {
			isa = XCBuildConfiguration;
			buildSettings = {
				ASSETCATALOG_COMPILER_APPICON_NAME = AppIcon;
				CLANG_ENABLE_MODULES = YES;
				INFOPLIST_FILE = Timer/Info.plist;
				LD_RUNPATH_SEARCH_PATHS = "$(inherited) @executable_path/Frameworks";
				PRODUCT_BUNDLE_IDENTIFIER = in.DevMounta.Timer;
				PRODUCT_NAME = "$(TARGET_NAME)";
				SWIFT_OPTIMIZATION_LEVEL = "-Onone";
			};
			name = Debug;
		};
		01A6AB621BD55A8600293874 /* Release */ = {
			isa = XCBuildConfiguration;
			buildSettings = {
				ASSETCATALOG_COMPILER_APPICON_NAME = AppIcon;
				CLANG_ENABLE_MODULES = YES;
				INFOPLIST_FILE = Timer/Info.plist;
				LD_RUNPATH_SEARCH_PATHS = "$(inherited) @executable_path/Frameworks";
				PRODUCT_BUNDLE_IDENTIFIER = in.DevMounta.Timer;
				PRODUCT_NAME = "$(TARGET_NAME)";
			};
			name = Release;
		};
		01A6AB641BD55A8600293874 /* Debug */ = {
			isa = XCBuildConfiguration;
			buildSettings = {
				BUNDLE_LOADER = "$(TEST_HOST)";
				INFOPLIST_FILE = TimerTests/Info.plist;
				LD_RUNPATH_SEARCH_PATHS = "$(inherited) @executable_path/Frameworks @loader_path/Frameworks";
				PRODUCT_BUNDLE_IDENTIFIER = in.DevMounta.TimerTests;
				PRODUCT_NAME = "$(TARGET_NAME)";
				TEST_HOST = "$(BUILT_PRODUCTS_DIR)/Timer.app/Timer";
			};
			name = Debug;
		};
		01A6AB651BD55A8600293874 /* Release */ = {
			isa = XCBuildConfiguration;
			buildSettings = {
				BUNDLE_LOADER = "$(TEST_HOST)";
				INFOPLIST_FILE = TimerTests/Info.plist;
				LD_RUNPATH_SEARCH_PATHS = "$(inherited) @executable_path/Frameworks @loader_path/Frameworks";
				PRODUCT_BUNDLE_IDENTIFIER = in.DevMounta.TimerTests;
				PRODUCT_NAME = "$(TARGET_NAME)";
				TEST_HOST = "$(BUILT_PRODUCTS_DIR)/Timer.app/Timer";
			};
			name = Release;
		};
		01A6AB671BD55A8600293874 /* Debug */ = {
			isa = XCBuildConfiguration;
			buildSettings = {
				INFOPLIST_FILE = TimerUITests/Info.plist;
				LD_RUNPATH_SEARCH_PATHS = "$(inherited) @executable_path/Frameworks @loader_path/Frameworks";
				PRODUCT_BUNDLE_IDENTIFIER = in.DevMounta.TimerUITests;
				PRODUCT_NAME = "$(TARGET_NAME)";
				TEST_TARGET_NAME = Timer;
				USES_XCTRUNNER = YES;
			};
			name = Debug;
		};
		01A6AB681BD55A8600293874 /* Release */ = {
			isa = XCBuildConfiguration;
			buildSettings = {
				INFOPLIST_FILE = TimerUITests/Info.plist;
				LD_RUNPATH_SEARCH_PATHS = "$(inherited) @executable_path/Frameworks @loader_path/Frameworks";
				PRODUCT_BUNDLE_IDENTIFIER = in.DevMounta.TimerUITests;
				PRODUCT_NAME = "$(TARGET_NAME)";
				TEST_TARGET_NAME = Timer;
				USES_XCTRUNNER = YES;
			};
			name = Release;
		};
/* End XCBuildConfiguration section */

/* Begin XCConfigurationList section */
		01A6AB331BD55A8500293874 /* Build configuration list for PBXProject "Timer" */ = {
			isa = XCConfigurationList;
			buildConfigurations = (
				01A6AB5E1BD55A8600293874 /* Debug */,
				01A6AB5F1BD55A8600293874 /* Release */,
			);
			defaultConfigurationIsVisible = 0;
			defaultConfigurationName = Release;
		};
		01A6AB601BD55A8600293874 /* Build configuration list for PBXNativeTarget "Timer" */ = {
			isa = XCConfigurationList;
			buildConfigurations = (
				01A6AB611BD55A8600293874 /* Debug */,
				01A6AB621BD55A8600293874 /* Release */,
			);
			defaultConfigurationIsVisible = 0;
			defaultConfigurationName = Release;
		};
		01A6AB631BD55A8600293874 /* Build configuration list for PBXNativeTarget "TimerTests" */ = {
			isa = XCConfigurationList;
			buildConfigurations = (
				01A6AB641BD55A8600293874 /* Debug */,
				01A6AB651BD55A8600293874 /* Release */,
			);
			defaultConfigurationIsVisible = 0;
			defaultConfigurationName = Release;
		};
		01A6AB661BD55A8600293874 /* Build configuration list for PBXNativeTarget "TimerUITests" */ = {
			isa = XCConfigurationList;
			buildConfigurations = (
				01A6AB671BD55A8600293874 /* Debug */,
				01A6AB681BD55A8600293874 /* Release */,
			);
			defaultConfigurationIsVisible = 0;
			defaultConfigurationName = Release;
		};
/* End XCConfigurationList section */
	};
	rootObject = 01A6AB301BD55A8500293874 /* Project object */;
}
